
Microsoft Visual Studio Solution File, Format Version 12.00
# Visual Studio Version 16
VisualStudioVersion = 16.0.29215.179
MinimumVisualStudioVersion = 15.0.26124.0
Project("{6EC3EE1D-3C4E-46DD-8F32-0CC8E7565705}") = "Garnet", "src\Garnet\Garnet.fsproj", "{4FA4BEC9-C501-40F7-B0F2-B204A932E27B}"
EndProject
Project("{6EC3EE1D-3C4E-46DD-8F32-0CC8E7565705}") = "Garnet.Tests", "tests\Garnet.Tests\Garnet.Tests.fsproj", "{97D1D0D1-C635-4725-A892-DE1852A0CB4C}"
EndProject
Project("{2150E333-8FDC-42A3-9474-1A3956D46DE8}") = "Samples", "Samples", "{1E82F9DC-427D-46D1-9352-FB1E97724CAF}"
EndProject
Project("{6EC3EE1D-3C4E-46DD-8F32-0CC8E7565705}") = "Garnet.Toolkit", "samples\Garnet.Toolkit\Garnet.Toolkit.fsproj", "{E0F6649F-E652-4B34-B0AA-1E6716AB60FF}"
EndProject
Project("{6EC3EE1D-3C4E-46DD-8F32-0CC8E7565705}") = "Garnet.Samples.Flocking", "samples\Garnet.Samples.Flocking\Garnet.Samples.Flocking.fsproj", "{16290883-031E-408F-B599-5FEE33355629}"
EndProject
Project("{6EC3EE1D-3C4E-46DD-8F32-0CC8E7565705}") = "Garnet.Samples.Roguelike", "samples\Garnet.Samples.Roguelike\Garnet.Samples.Roguelike.fsproj", "{C7826D8F-8343-440B-BD6D-74F73D6814EC}"
EndProject
Project("{F2A71F9B-5D33-465A-A702-920D77279786}") = "Garnet.Samples.Trixel", "samples\Garnet.Samples.Trixel\Garnet.Samples.Trixel.fsproj", "{58AB7F65-F130-4624-9458-A4BC5BF867DC}"
EndProject
Project("{FAE04EC0-301F-11D3-BF4B-00C04F79EFBC}") = "Garnet.Samples.CSharp", "samples\Garnet.Samples.CSharp\Garnet.Samples.CSharp.csproj", "{AF60F947-ED94-4B84-BF8E-D327D2CFCE41}"
EndProject
Project("{F2A71F9B-5D33-465A-A702-920D77279786}") = "Garnet.Numerics", "samples\Garnet.Numerics\Garnet.Numerics.fsproj", "{66F27C8C-B121-426B-BEA2-4379FC217849}"
EndProject
Project("{F2A71F9B-5D33-465A-A702-920D77279786}") = "Garnet.Samples.Assorted", "samples\Garnet.Samples.Assorted\Garnet.Samples.Assorted.fsproj", "{957D6CB2-EBFD-42A8-A201-731CBA232FB3}"
EndProject
Project("{F2A71F9B-5D33-465A-A702-920D77279786}") = "Garnet.Processor", "samples\Garnet.Processor\Garnet.Processor.fsproj", "{C88FF8AF-962A-4162-8FB8-0D337DA09138}"
EndProject
Global
	GlobalSection(SolutionConfigurationPlatforms) = preSolution
		Debug|Any CPU = Debug|Any CPU
		Debug|x64 = Debug|x64
		Debug|x86 = Debug|x86
		Release|Any CPU = Release|Any CPU
		Release|x64 = Release|x64
		Release|x86 = Release|x86
	EndGlobalSection
	GlobalSection(ProjectConfigurationPlatforms) = postSolution
		{4FA4BEC9-C501-40F7-B0F2-B204A932E27B}.Debug|Any CPU.ActiveCfg = Debug|Any CPU
		{4FA4BEC9-C501-40F7-B0F2-B204A932E27B}.Debug|Any CPU.Build.0 = Debug|Any CPU
		{4FA4BEC9-C501-40F7-B0F2-B204A932E27B}.Debug|x64.ActiveCfg = Debug|Any CPU
		{4FA4BEC9-C501-40F7-B0F2-B204A932E27B}.Debug|x64.Build.0 = Debug|Any CPU
		{4FA4BEC9-C501-40F7-B0F2-B204A932E27B}.Debug|x86.ActiveCfg = Debug|Any CPU
		{4FA4BEC9-C501-40F7-B0F2-B204A932E27B}.Debug|x86.Build.0 = Debug|Any CPU
		{4FA4BEC9-C501-40F7-B0F2-B204A932E27B}.Release|Any CPU.ActiveCfg = Release|Any CPU
		{4FA4BEC9-C501-40F7-B0F2-B204A932E27B}.Release|Any CPU.Build.0 = Release|Any CPU
		{4FA4BEC9-C501-40F7-B0F2-B204A932E27B}.Release|x64.ActiveCfg = Release|Any CPU
		{4FA4BEC9-C501-40F7-B0F2-B204A932E27B}.Release|x64.Build.0 = Release|Any CPU
		{4FA4BEC9-C501-40F7-B0F2-B204A932E27B}.Release|x86.ActiveCfg = Release|Any CPU
		{4FA4BEC9-C501-40F7-B0F2-B204A932E27B}.Release|x86.Build.0 = Release|Any CPU
		{97D1D0D1-C635-4725-A892-DE1852A0CB4C}.Debug|Any CPU.ActiveCfg = Debug|Any CPU
		{97D1D0D1-C635-4725-A892-DE1852A0CB4C}.Debug|Any CPU.Build.0 = Debug|Any CPU
		{97D1D0D1-C635-4725-A892-DE1852A0CB4C}.Debug|x64.ActiveCfg = Debug|Any CPU
		{97D1D0D1-C635-4725-A892-DE1852A0CB4C}.Debug|x64.Build.0 = Debug|Any CPU
		{97D1D0D1-C635-4725-A892-DE1852A0CB4C}.Debug|x86.ActiveCfg = Debug|Any CPU
		{97D1D0D1-C635-4725-A892-DE1852A0CB4C}.Debug|x86.Build.0 = Debug|Any CPU
		{97D1D0D1-C635-4725-A892-DE1852A0CB4C}.Release|Any CPU.ActiveCfg = Release|Any CPU
		{97D1D0D1-C635-4725-A892-DE1852A0CB4C}.Release|Any CPU.Build.0 = Release|Any CPU
		{97D1D0D1-C635-4725-A892-DE1852A0CB4C}.Release|x64.ActiveCfg = Release|Any CPU
		{97D1D0D1-C635-4725-A892-DE1852A0CB4C}.Release|x64.Build.0 = Release|Any CPU
		{97D1D0D1-C635-4725-A892-DE1852A0CB4C}.Release|x86.ActiveCfg = Release|Any CPU
		{97D1D0D1-C635-4725-A892-DE1852A0CB4C}.Release|x86.Build.0 = Release|Any CPU
		{E0F6649F-E652-4B34-B0AA-1E6716AB60FF}.Debug|Any CPU.ActiveCfg = Debug|Any CPU
		{E0F6649F-E652-4B34-B0AA-1E6716AB60FF}.Debug|Any CPU.Build.0 = Debug|Any CPU
		{E0F6649F-E652-4B34-B0AA-1E6716AB60FF}.Debug|x64.ActiveCfg = Debug|Any CPU
		{E0F6649F-E652-4B34-B0AA-1E6716AB60FF}.Debug|x64.Build.0 = Debug|Any CPU
		{E0F6649F-E652-4B34-B0AA-1E6716AB60FF}.Debug|x86.ActiveCfg = Debug|Any CPU
		{E0F6649F-E652-4B34-B0AA-1E6716AB60FF}.Debug|x86.Build.0 = Debug|Any CPU
		{E0F6649F-E652-4B34-B0AA-1E6716AB60FF}.Release|Any CPU.ActiveCfg = Release|Any CPU
		{E0F6649F-E652-4B34-B0AA-1E6716AB60FF}.Release|Any CPU.Build.0 = Release|Any CPU
		{E0F6649F-E652-4B34-B0AA-1E6716AB60FF}.Release|x64.ActiveCfg = Release|Any CPU
		{E0F6649F-E652-4B34-B0AA-1E6716AB60FF}.Release|x64.Build.0 = Release|Any CPU
		{E0F6649F-E652-4B34-B0AA-1E6716AB60FF}.Release|x86.ActiveCfg = Release|Any CPU
		{E0F6649F-E652-4B34-B0AA-1E6716AB60FF}.Release|x86.Build.0 = Release|Any CPU
		{16290883-031E-408F-B599-5FEE33355629}.Debug|Any CPU.ActiveCfg = Debug|Any CPU
		{16290883-031E-408F-B599-5FEE33355629}.Debug|Any CPU.Build.0 = Debug|Any CPU
		{16290883-031E-408F-B599-5FEE33355629}.Debug|x64.ActiveCfg = Debug|Any CPU
		{16290883-031E-408F-B599-5FEE33355629}.Debug|x64.Build.0 = Debug|Any CPU
		{16290883-031E-408F-B599-5FEE33355629}.Debug|x86.ActiveCfg = Debug|Any CPU
		{16290883-031E-408F-B599-5FEE33355629}.Debug|x86.Build.0 = Debug|Any CPU
		{16290883-031E-408F-B599-5FEE33355629}.Release|Any CPU.ActiveCfg = Release|Any CPU
		{16290883-031E-408F-B599-5FEE33355629}.Release|Any CPU.Build.0 = Release|Any CPU
		{16290883-031E-408F-B599-5FEE33355629}.Release|x64.ActiveCfg = Release|Any CPU
		{16290883-031E-408F-B599-5FEE33355629}.Release|x64.Build.0 = Release|Any CPU
		{16290883-031E-408F-B599-5FEE33355629}.Release|x86.ActiveCfg = Release|Any CPU
		{16290883-031E-408F-B599-5FEE33355629}.Release|x86.Build.0 = Release|Any CPU
		{C7826D8F-8343-440B-BD6D-74F73D6814EC}.Debug|Any CPU.ActiveCfg = Debug|Any CPU
		{C7826D8F-8343-440B-BD6D-74F73D6814EC}.Debug|Any CPU.Build.0 = Debug|Any CPU
		{C7826D8F-8343-440B-BD6D-74F73D6814EC}.Debug|x64.ActiveCfg = Debug|Any CPU
		{C7826D8F-8343-440B-BD6D-74F73D6814EC}.Debug|x64.Build.0 = Debug|Any CPU
		{C7826D8F-8343-440B-BD6D-74F73D6814EC}.Debug|x86.ActiveCfg = Debug|Any CPU
		{C7826D8F-8343-440B-BD6D-74F73D6814EC}.Debug|x86.Build.0 = Debug|Any CPU
		{C7826D8F-8343-440B-BD6D-74F73D6814EC}.Release|Any CPU.ActiveCfg = Release|Any CPU
		{C7826D8F-8343-440B-BD6D-74F73D6814EC}.Release|Any CPU.Build.0 = Release|Any CPU
		{C7826D8F-8343-440B-BD6D-74F73D6814EC}.Release|x64.ActiveCfg = Release|Any CPU
		{C7826D8F-8343-440B-BD6D-74F73D6814EC}.Release|x64.Build.0 = Release|Any CPU
		{C7826D8F-8343-440B-BD6D-74F73D6814EC}.Release|x86.ActiveCfg = Release|Any CPU
		{C7826D8F-8343-440B-BD6D-74F73D6814EC}.Release|x86.Build.0 = Release|Any CPU
		{58AB7F65-F130-4624-9458-A4BC5BF867DC}.Debug|Any CPU.ActiveCfg = Debug|Any CPU
		{58AB7F65-F130-4624-9458-A4BC5BF867DC}.Debug|Any CPU.Build.0 = Debug|Any CPU
		{58AB7F65-F130-4624-9458-A4BC5BF867DC}.Debug|x64.ActiveCfg = Debug|Any CPU
		{58AB7F65-F130-4624-9458-A4BC5BF867DC}.Debug|x64.Build.0 = Debug|Any CPU
		{58AB7F65-F130-4624-9458-A4BC5BF867DC}.Debug|x86.ActiveCfg = Debug|Any CPU
		{58AB7F65-F130-4624-9458-A4BC5BF867DC}.Debug|x86.Build.0 = Debug|Any CPU
		{58AB7F65-F130-4624-9458-A4BC5BF867DC}.Release|Any CPU.ActiveCfg = Release|Any CPU
		{58AB7F65-F130-4624-9458-A4BC5BF867DC}.Release|Any CPU.Build.0 = Release|Any CPU
		{58AB7F65-F130-4624-9458-A4BC5BF867DC}.Release|x64.ActiveCfg = Release|Any CPU
		{58AB7F65-F130-4624-9458-A4BC5BF867DC}.Release|x64.Build.0 = Release|Any CPU
		{58AB7F65-F130-4624-9458-A4BC5BF867DC}.Release|x86.ActiveCfg = Release|Any CPU
		{58AB7F65-F130-4624-9458-A4BC5BF867DC}.Release|x86.Build.0 = Release|Any CPU
		{AF60F947-ED94-4B84-BF8E-D327D2CFCE41}.Debug|Any CPU.ActiveCfg = Debug|Any CPU
		{AF60F947-ED94-4B84-BF8E-D327D2CFCE41}.Debug|Any CPU.Build.0 = Debug|Any CPU
		{AF60F947-ED94-4B84-BF8E-D327D2CFCE41}.Debug|x64.ActiveCfg = Debug|Any CPU
		{AF60F947-ED94-4B84-BF8E-D327D2CFCE41}.Debug|x64.Build.0 = Debug|Any CPU
		{AF60F947-ED94-4B84-BF8E-D327D2CFCE41}.Debug|x86.ActiveCfg = Debug|Any CPU
		{AF60F947-ED94-4B84-BF8E-D327D2CFCE41}.Debug|x86.Build.0 = Debug|Any CPU
		{AF60F947-ED94-4B84-BF8E-D327D2CFCE41}.Release|Any CPU.ActiveCfg = Release|Any CPU
		{AF60F947-ED94-4B84-BF8E-D327D2CFCE41}.Release|Any CPU.Build.0 = Release|Any CPU
		{AF60F947-ED94-4B84-BF8E-D327D2CFCE41}.Release|x64.ActiveCfg = Release|Any CPU
		{AF60F947-ED94-4B84-BF8E-D327D2CFCE41}.Release|x64.Build.0 = Release|Any CPU
		{AF60F947-ED94-4B84-BF8E-D327D2CFCE41}.Release|x86.ActiveCfg = Release|Any CPU
		{AF60F947-ED94-4B84-BF8E-D327D2CFCE41}.Release|x86.Build.0 = Release|Any CPU
		{66F27C8C-B121-426B-BEA2-4379FC217849}.Debug|Any CPU.ActiveCfg = Debug|Any CPU
		{66F27C8C-B121-426B-BEA2-4379FC217849}.Debug|Any CPU.Build.0 = Debug|Any CPU
		{66F27C8C-B121-426B-BEA2-4379FC217849}.Debug|x64.ActiveCfg = Debug|Any CPU
		{66F27C8C-B121-426B-BEA2-4379FC217849}.Debug|x64.Build.0 = Debug|Any CPU
		{66F27C8C-B121-426B-BEA2-4379FC217849}.Debug|x86.ActiveCfg = Debug|Any CPU
		{66F27C8C-B121-426B-BEA2-4379FC217849}.Debug|x86.Build.0 = Debug|Any CPU
		{66F27C8C-B121-426B-BEA2-4379FC217849}.Release|Any CPU.ActiveCfg = Release|Any CPU
		{66F27C8C-B121-426B-BEA2-4379FC217849}.Release|Any CPU.Build.0 = Release|Any CPU
		{66F27C8C-B121-426B-BEA2-4379FC217849}.Release|x64.ActiveCfg = Release|Any CPU
		{66F27C8C-B121-426B-BEA2-4379FC217849}.Release|x64.Build.0 = Release|Any CPU
		{66F27C8C-B121-426B-BEA2-4379FC217849}.Release|x86.ActiveCfg = Release|Any CPU
		{66F27C8C-B121-426B-BEA2-4379FC217849}.Release|x86.Build.0 = Release|Any CPU
		{957D6CB2-EBFD-42A8-A201-731CBA232FB3}.Debug|Any CPU.ActiveCfg = Debug|Any CPU
		{957D6CB2-EBFD-42A8-A201-731CBA232FB3}.Debug|Any CPU.Build.0 = Debug|Any CPU
		{957D6CB2-EBFD-42A8-A201-731CBA232FB3}.Debug|x64.ActiveCfg = Debug|Any CPU
		{957D6CB2-EBFD-42A8-A201-731CBA232FB3}.Debug|x64.Build.0 = Debug|Any CPU
		{957D6CB2-EBFD-42A8-A201-731CBA232FB3}.Debug|x86.ActiveCfg = Debug|Any CPU
		{957D6CB2-EBFD-42A8-A201-731CBA232FB3}.Debug|x86.Build.0 = Debug|Any CPU
		{957D6CB2-EBFD-42A8-A201-731CBA232FB3}.Release|Any CPU.ActiveCfg = Release|Any CPU
		{957D6CB2-EBFD-42A8-A201-731CBA232FB3}.Release|Any CPU.Build.0 = Release|Any CPU
		{957D6CB2-EBFD-42A8-A201-731CBA232FB3}.Release|x64.ActiveCfg = Release|Any CPU
		{957D6CB2-EBFD-42A8-A201-731CBA232FB3}.Release|x64.Build.0 = Release|Any CPU
		{957D6CB2-EBFD-42A8-A201-731CBA232FB3}.Release|x86.ActiveCfg = Release|Any CPU
		{957D6CB2-EBFD-42A8-A201-731CBA232FB3}.Release|x86.Build.0 = Release|Any CPU
		{C88FF8AF-962A-4162-8FB8-0D337DA09138}.Debug|Any CPU.ActiveCfg = Debug|Any CPU
		{C88FF8AF-962A-4162-8FB8-0D337DA09138}.Debug|Any CPU.Build.0 = Debug|Any CPU
		{C88FF8AF-962A-4162-8FB8-0D337DA09138}.Debug|x64.ActiveCfg = Debug|Any CPU
		{C88FF8AF-962A-4162-8FB8-0D337DA09138}.Debug|x64.Build.0 = Debug|Any CPU
		{C88FF8AF-962A-4162-8FB8-0D337DA09138}.Debug|x86.ActiveCfg = Debug|Any CPU
		{C88FF8AF-962A-4162-8FB8-0D337DA09138}.Debug|x86.Build.0 = Debug|Any CPU
		{C88FF8AF-962A-4162-8FB8-0D337DA09138}.Release|Any CPU.ActiveCfg = Release|Any CPU
		{C88FF8AF-962A-4162-8FB8-0D337DA09138}.Release|Any CPU.Build.0 = Release|Any CPU
		{C88FF8AF-962A-4162-8FB8-0D337DA09138}.Release|x64.ActiveCfg = Release|Any CPU
		{C88FF8AF-962A-4162-8FB8-0D337DA09138}.Release|x64.Build.0 = Release|Any CPU
		{C88FF8AF-962A-4162-8FB8-0D337DA09138}.Release|x86.ActiveCfg = Release|Any CPU
		{C88FF8AF-962A-4162-8FB8-0D337DA09138}.Release|x86.Build.0 = Release|Any CPU
	EndGlobalSection
	GlobalSection(SolutionProperties) = preSolution
		HideSolutionNode = FALSE
	EndGlobalSection
	GlobalSection(NestedProjects) = preSolution
		{E0F6649F-E652-4B34-B0AA-1E6716AB60FF} = {1E82F9DC-427D-46D1-9352-FB1E97724CAF}
		{16290883-031E-408F-B599-5FEE33355629} = {1E82F9DC-427D-46D1-9352-FB1E97724CAF}
		{C7826D8F-8343-440B-BD6D-74F73D6814EC} = {1E82F9DC-427D-46D1-9352-FB1E97724CAF}
		{58AB7F65-F130-4624-9458-A4BC5BF867DC} = {1E82F9DC-427D-46D1-9352-FB1E97724CAF}
		{AF60F947-ED94-4B84-BF8E-D327D2CFCE41} = {1E82F9DC-427D-46D1-9352-FB1E97724CAF}
		{66F27C8C-B121-426B-BEA2-4379FC217849} = {1E82F9DC-427D-46D1-9352-FB1E97724CAF}
		{957D6CB2-EBFD-42A8-A201-731CBA232FB3} = {1E82F9DC-427D-46D1-9352-FB1E97724CAF}
		{C88FF8AF-962A-4162-8FB8-0D337DA09138} = {1E82F9DC-427D-46D1-9352-FB1E97724CAF}
	EndGlobalSection
	GlobalSection(ExtensibilityGlobals) = postSolution
		SolutionGuid = {D7FA662D-CCF7-4CEF-82D0-82F96A334562}
	EndGlobalSection
	GlobalSection(Performance) = preSolution
		HasPerformanceSessions = true
	EndGlobalSection
EndGlobal
